
Microsoft Visual Studio Solution File, Format Version 12.00
# Visual Studio 15
VisualStudioVersion = 15.0.26228.4
MinimumVisualStudioVersion = 10.0.40219.1
Project("{2150E333-8FDC-42A3-9474-1A3956D46DE8}") = "Solution Items", "Solution Items", "{CF7D759A-13EC-4A24-BC2F-FB921084E3AE}"
	ProjectSection(SolutionItems) = preProject
		Breaking Changes.txt = Breaking Changes.txt
	EndProjectSection
EndProject
Project("{D954291E-2A0B-460D-934E-DC6B0785DB48}") = "ENG.WMOCodes.Shared", "Shared\ENG.WMOCodes.Shared\ENG.WMOCodes.Shared.shproj", "{F2AEDA6D-4B64-461A-9A97-2835B733F4B2}"
EndProject
Project("{2150E333-8FDC-42A3-9474-1A3956D46DE8}") = "Unit Tests", "Unit Tests", "{38442BEE-0D8B-4CE1-83CE-CC1A166CD8B1}"
EndProject
Project("{FAE04EC0-301F-11D3-BF4B-00C04F79EFBC}") = "ENG.WMOCodes.Tests.Net45", "UnitTests\ENG.WMOCodes.Tests.Net45\ENG.WMOCodes.Tests.Net45.csproj", "{C6590595-B790-41FB-802A-BAD1FE5ED29D}"
EndProject
Project("{FAE04EC0-301F-11D3-BF4B-00C04F79EFBC}") = "ENG.WMOCodes", "ENG.WMOCodes\ENG.WMOCodes.csproj", "{05B87529-5559-49AC-8918-9F62B3F6CB0E}"
EndProject
Project("{FAE04EC0-301F-11D3-BF4B-00C04F79EFBC}") = "ENG.WMOCodes.Decoders", "ENG.WMOCodes.Decoders\ENG.WMOCodes.Decoders.csproj", "{0A34457E-4E80-4358-B205-8C99D60DCB3A}"
EndProject
Project("{FAE04EC0-301F-11D3-BF4B-00C04F79EFBC}") = "ENG.WMOCodes.Downloaders", "ENG.WMOCodes.Downloaders\ENG.WMOCodes.Downloaders.csproj", "{94A70879-5F15-4807-B6F6-F9D6660BA636}"
EndProject
Project("{FAE04EC0-301F-11D3-BF4B-00C04F79EFBC}") = "ENG.WMOCodes.Metapackage", "ENG.WMOCodes.Metapackage\ENG.WMOCodes.Metapackage.csproj", "{3ABE9502-E4DB-4EC8-9040-BBF767337151}"
EndProject
Global
	GlobalSection(SharedMSBuildProjectFiles) = preSolution
		Shared\ENG.WMOCodes.Shared\ENG.WMOCodes.Shared.projitems*{f2aeda6d-4b64-461a-9a97-2835b733f4b2}*SharedItemsImports = 13
	EndGlobalSection
	GlobalSection(SolutionConfigurationPlatforms) = preSolution
		Debug|Any CPU = Debug|Any CPU
		Release|Any CPU = Release|Any CPU
	EndGlobalSection
	GlobalSection(ProjectConfigurationPlatforms) = postSolution
		{C6590595-B790-41FB-802A-BAD1FE5ED29D}.Debug|Any CPU.ActiveCfg = Debug|Any CPU
		{C6590595-B790-41FB-802A-BAD1FE5ED29D}.Debug|Any CPU.Build.0 = Debug|Any CPU
		{C6590595-B790-41FB-802A-BAD1FE5ED29D}.Release|Any CPU.ActiveCfg = Release|Any CPU
		{C6590595-B790-41FB-802A-BAD1FE5ED29D}.Release|Any CPU.Build.0 = Release|Any CPU
		{05B87529-5559-49AC-8918-9F62B3F6CB0E}.Debug|Any CPU.ActiveCfg = Debug|Any CPU
		{05B87529-5559-49AC-8918-9F62B3F6CB0E}.Debug|Any CPU.Build.0 = Debug|Any CPU
		{05B87529-5559-49AC-8918-9F62B3F6CB0E}.Release|Any CPU.ActiveCfg = Release|Any CPU
		{05B87529-5559-49AC-8918-9F62B3F6CB0E}.Release|Any CPU.Build.0 = Release|Any CPU
		{0A34457E-4E80-4358-B205-8C99D60DCB3A}.Debug|Any CPU.ActiveCfg = Debug|Any CPU
		{0A34457E-4E80-4358-B205-8C99D60DCB3A}.Debug|Any CPU.Build.0 = Debug|Any CPU
		{0A34457E-4E80-4358-B205-8C99D60DCB3A}.Release|Any CPU.ActiveCfg = Release|Any CPU
		{0A34457E-4E80-4358-B205-8C99D60DCB3A}.Release|Any CPU.Build.0 = Release|Any CPU
		{94A70879-5F15-4807-B6F6-F9D6660BA636}.Debug|Any CPU.ActiveCfg = Debug|Any CPU
		{94A70879-5F15-4807-B6F6-F9D6660BA636}.Debug|Any CPU.Build.0 = Debug|Any CPU
		{94A70879-5F15-4807-B6F6-F9D6660BA636}.Release|Any CPU.ActiveCfg = Release|Any CPU
		{94A70879-5F15-4807-B6F6-F9D6660BA636}.Release|Any CPU.Build.0 = Release|Any CPU
		{3ABE9502-E4DB-4EC8-9040-BBF767337151}.Debug|Any CPU.ActiveCfg = Debug|Any CPU
		{3ABE9502-E4DB-4EC8-9040-BBF767337151}.Debug|Any CPU.Build.0 = Debug|Any CPU
		{3ABE9502-E4DB-4EC8-9040-BBF767337151}.Release|Any CPU.ActiveCfg = Release|Any CPU
		{3ABE9502-E4DB-4EC8-9040-BBF767337151}.Release|Any CPU.Build.0 = Release|Any CPU
	EndGlobalSection
	GlobalSection(SolutionProperties) = preSolution
		HideSolutionNode = FALSE
	EndGlobalSection
	GlobalSection(NestedProjects) = preSolution
		{C6590595-B790-41FB-802A-BAD1FE5ED29D} = {38442BEE-0D8B-4CE1-83CE-CC1A166CD8B1}
	EndGlobalSection
	GlobalSection(TestCaseManagementSettings) = postSolution
		CategoryFile = MetarDecoderSolution.vsmdi
	EndGlobalSection
EndGlobal
