
Microsoft Visual Studio Solution File, Format Version 11.00
# Visual Studio 2010
Project("{FAE04EC0-301F-11D3-BF4B-00C04F79EFBC}") = "Tutorial", "Tutorial\Tutorial.csproj", "{955BAF2E-87C1-44EA-B3E9-6B257435982B}"
EndProject
Project("{2150E333-8FDC-42A3-9474-1A3956D46DE8}") = "Solution Items", "Solution Items", "{CF7D759A-13EC-4A24-BC2F-FB921084E3AE}"
	ProjectSection(SolutionItems) = preProject
		Local.testsettings = Local.testsettings
		MetarDecoderSolution.vsmdi = MetarDecoderSolution.vsmdi
		TraceAndTestImpact.testsettings = TraceAndTestImpact.testsettings
	EndProjectSection
EndProject
Project("{2150E333-8FDC-42A3-9474-1A3956D46DE8}") = "Other", "Other", "{7DC4CCA2-B431-4357-99A7-071DAD65A716}"
EndProject
Project("{2150E333-8FDC-42A3-9474-1A3956D46DE8}") = "FW 3.5", "FW 3.5", "{D66B2D3C-1268-4926-850C-CD23B2D42EF0}"
EndProject
Project("{FAE04EC0-301F-11D3-BF4B-00C04F79EFBC}") = "ENG.WMOCodes", "FW 3.5\ENG.WMOCodes\ENG.WMOCodes.csproj", "{119FCACD-C111-495C-BCA9-FC332EE88D74}"
EndProject
Project("{FAE04EC0-301F-11D3-BF4B-00C04F79EFBC}") = "ENG.WMOCodes.Decoders", "FW 3.5\ENG.WMOCodes.Decoders\ENG.WMOCodes.Decoders.csproj", "{2CD3FB96-1955-4035-BC50-66800C84C3BE}"
EndProject
Project("{FAE04EC0-301F-11D3-BF4B-00C04F79EFBC}") = "ENG.WMOCodes.Downloaders", "FW 3.5\ENG.WMOCodes.Downloaders\ENG.WMOCodes.Downloaders.csproj", "{5D46B4C3-3CBD-4F70-B92B-710CA65CDB70}"
EndProject
Project("{FAE04EC0-301F-11D3-BF4B-00C04F79EFBC}") = "ENG.WMOCodes.Formatters", "FW 3.5\ENG.WMOCodes.Formatters\ENG.WMOCodes.Formatters.csproj", "{C9817849-7A1D-411D-AF88-6663695191E3}"
EndProject
Project("{FAE04EC0-301F-11D3-BF4B-00C04F79EFBC}") = "Tester", "Other\Tester\Tester.csproj", "{E0835F28-FE42-4A5B-955F-37921583FD15}"
EndProject
Project("{FAE04EC0-301F-11D3-BF4B-00C04F79EFBC}") = "TAFDecoderTest", "Other\TAFDecoderTest\TAFDecoderTest.csproj", "{89E8332F-E3BB-49D4-97E1-C1194C981C84}"
EndProject
Project("{FAE04EC0-301F-11D3-BF4B-00C04F79EFBC}") = "ENG.WMOCodes.Formatters.InfoFormatter", "FW 3.5\ENG.WMOCodes.Formatters.InfoFormatter\ENG.WMOCodes.Formatters.InfoFormatter.csproj", "{1D53AA8D-0D19-4D76-81A2-61D1B86005EA}"
EndProject
Project("{FAE04EC0-301F-11D3-BF4B-00C04F79EFBC}") = "ENG.WMOCodes.Formatters.ShortInfo", "FW 3.5\ENG.WMOCodes.Formatters.ShortInfo\ENG.WMOCodes.Formatters.ShortInfo.csproj", "{D8DAED18-C2B8-4991-A19B-E2EC5FDF7F14}"
EndProject
Project("{2150E333-8FDC-42A3-9474-1A3956D46DE8}") = "Silverlight 3", "Silverlight 3", "{7960278D-B97F-49FB-83FE-5A3DC353FBD5}"
EndProject
Project("{FAE04EC0-301F-11D3-BF4B-00C04F79EFBC}") = "ENG.WMOCodes", "Silverlight 3\ENG.WMOCodes\ENG.WMOCodes.csproj", "{1C5C5FA4-095E-441E-93B9-8551E353FD7A}"
EndProject
Project("{FAE04EC0-301F-11D3-BF4B-00C04F79EFBC}") = "ENG.WMOCodes.Decoders", "Silverlight 3\ENG.WMOCodes.Decoders\ENG.WMOCodes.Decoders.csproj", "{DA539EFF-18B4-47C5-A9EE-6A0BD04A2C0A}"
EndProject
Project("{FAE04EC0-301F-11D3-BF4B-00C04F79EFBC}") = "ENG.WMOCodes.Downloaders", "Silverlight 3\ENG.WMOCodes.Downloaders\ENG.WMOCodes.Downloaders.csproj", "{675B768B-A7A8-4FE5-B477-103A5C61BE88}"
EndProject
Project("{FAE04EC0-301F-11D3-BF4B-00C04F79EFBC}") = "ENG.WMOCodes.Formatters", "Silverlight 3\ENG.WMOCodes.Formatters\ENG.WMOCodes.Formatters.csproj", "{D3E0D9DF-BD00-479D-9275-3DB0D09D3018}"
EndProject
Project("{2150E333-8FDC-42A3-9474-1A3956D46DE8}") = "Silverlight 5", "Silverlight 5", "{3845F67C-4622-41D5-97A9-374A337A9ACF}"
EndProject
Project("{FAE04EC0-301F-11D3-BF4B-00C04F79EFBC}") = "ENG.WMOCodes", "Silverlight 5\ENG.WMOCodes\ENG.WMOCodes.csproj", "{0E55A3DE-355C-4C38-B987-D67EC3F886A2}"
EndProject
Project("{FAE04EC0-301F-11D3-BF4B-00C04F79EFBC}") = "ENG.WMOCodes.Decoders", "Silverlight 5\ENG.WMOCodes.Decoders\ENG.WMOCodes.Decoders.csproj", "{0C42EDE6-1032-488B-80FC-E27A107D340F}"
EndProject
Project("{FAE04EC0-301F-11D3-BF4B-00C04F79EFBC}") = "ENG.WMOCodes.Downloaders", "Silverlight 5\ENG.WMOCodes.Downloaders\ENG.WMOCodes.Downloaders.csproj", "{FA71EC45-61C1-4297-AC49-D66647E3D437}"
EndProject
Project("{FAE04EC0-301F-11D3-BF4B-00C04F79EFBC}") = "ENG.WMOCodes.Formatters", "Silverlight 5\ENG.WMOCodes.Formatters\ENG.WMOCodes.Formatters.csproj", "{1D5DE306-D504-464E-8A34-9E73BF6586C1}"
EndProject
Project("{2150E333-8FDC-42A3-9474-1A3956D46DE8}") = "FW 4.0", "FW 4.0", "{F689AD52-7184-4138-B81E-4CA73CAF3037}"
EndProject
Project("{FAE04EC0-301F-11D3-BF4B-00C04F79EFBC}") = "ENG.WMOCodes", "FW 4.0\ENG.WMOCodes\ENG.WMOCodes.csproj", "{2812CCF5-445B-42F6-A2A9-E9C10B9BEED0}"
EndProject
Project("{FAE04EC0-301F-11D3-BF4B-00C04F79EFBC}") = "ENG.WMOCodes.Decoders", "FW 4.0\ENG.WMOCodes.Decoders\ENG.WMOCodes.Decoders.csproj", "{BA10518E-40C0-4C13-9007-11B4C225A295}"
EndProject
Project("{FAE04EC0-301F-11D3-BF4B-00C04F79EFBC}") = "ENG.WMOCodes.Downloaders", "FW 4.0\ENG.WMOCodes.Downloaders\ENG.WMOCodes.Downloaders.csproj", "{B6CBCF4E-F45B-4AA9-A656-04A18DCC83FD}"
EndProject
Project("{FAE04EC0-301F-11D3-BF4B-00C04F79EFBC}") = "ENG.WMOCodes.Formatters", "FW 4.0\ENG.WMOCodes.Formatters\ENG.WMOCodes.Formatters.csproj", "{24CDC47C-7DB6-4BFA-9392-50C1D0777928}"
EndProject
Global
	GlobalSection(TestCaseManagementSettings) = postSolution
		CategoryFile = MetarDecoderSolution.vsmdi
	EndGlobalSection
	GlobalSection(SolutionConfigurationPlatforms) = preSolution
		Debug|Any CPU = Debug|Any CPU
		Debug|Mixed Platforms = Debug|Mixed Platforms
		Debug|x86 = Debug|x86
		Release|Any CPU = Release|Any CPU
		Release|Mixed Platforms = Release|Mixed Platforms
		Release|x86 = Release|x86
	EndGlobalSection
	GlobalSection(ProjectConfigurationPlatforms) = postSolution
		{955BAF2E-87C1-44EA-B3E9-6B257435982B}.Debug|Any CPU.ActiveCfg = Debug|Any CPU
		{955BAF2E-87C1-44EA-B3E9-6B257435982B}.Debug|Any CPU.Build.0 = Debug|Any CPU
		{955BAF2E-87C1-44EA-B3E9-6B257435982B}.Debug|Mixed Platforms.ActiveCfg = Debug|Any CPU
		{955BAF2E-87C1-44EA-B3E9-6B257435982B}.Debug|Mixed Platforms.Build.0 = Debug|Any CPU
		{955BAF2E-87C1-44EA-B3E9-6B257435982B}.Debug|x86.ActiveCfg = Debug|Any CPU
		{955BAF2E-87C1-44EA-B3E9-6B257435982B}.Release|Any CPU.ActiveCfg = Release|Any CPU
		{955BAF2E-87C1-44EA-B3E9-6B257435982B}.Release|Any CPU.Build.0 = Release|Any CPU
		{955BAF2E-87C1-44EA-B3E9-6B257435982B}.Release|Mixed Platforms.ActiveCfg = Release|Any CPU
		{955BAF2E-87C1-44EA-B3E9-6B257435982B}.Release|Mixed Platforms.Build.0 = Release|Any CPU
		{955BAF2E-87C1-44EA-B3E9-6B257435982B}.Release|x86.ActiveCfg = Release|Any CPU
		{119FCACD-C111-495C-BCA9-FC332EE88D74}.Debug|Any CPU.ActiveCfg = Debug|Any CPU
		{119FCACD-C111-495C-BCA9-FC332EE88D74}.Debug|Any CPU.Build.0 = Debug|Any CPU
		{119FCACD-C111-495C-BCA9-FC332EE88D74}.Debug|Mixed Platforms.ActiveCfg = Debug|Any CPU
		{119FCACD-C111-495C-BCA9-FC332EE88D74}.Debug|Mixed Platforms.Build.0 = Debug|Any CPU
		{119FCACD-C111-495C-BCA9-FC332EE88D74}.Debug|x86.ActiveCfg = Debug|Any CPU
		{119FCACD-C111-495C-BCA9-FC332EE88D74}.Release|Any CPU.ActiveCfg = Release|Any CPU
		{119FCACD-C111-495C-BCA9-FC332EE88D74}.Release|Any CPU.Build.0 = Release|Any CPU
		{119FCACD-C111-495C-BCA9-FC332EE88D74}.Release|Mixed Platforms.ActiveCfg = Release|Any CPU
		{119FCACD-C111-495C-BCA9-FC332EE88D74}.Release|Mixed Platforms.Build.0 = Release|Any CPU
		{119FCACD-C111-495C-BCA9-FC332EE88D74}.Release|x86.ActiveCfg = Release|Any CPU
		{2CD3FB96-1955-4035-BC50-66800C84C3BE}.Debug|Any CPU.ActiveCfg = Debug|Any CPU
		{2CD3FB96-1955-4035-BC50-66800C84C3BE}.Debug|Any CPU.Build.0 = Debug|Any CPU
		{2CD3FB96-1955-4035-BC50-66800C84C3BE}.Debug|Mixed Platforms.ActiveCfg = Debug|Any CPU
		{2CD3FB96-1955-4035-BC50-66800C84C3BE}.Debug|Mixed Platforms.Build.0 = Debug|Any CPU
		{2CD3FB96-1955-4035-BC50-66800C84C3BE}.Debug|x86.ActiveCfg = Debug|Any CPU
		{2CD3FB96-1955-4035-BC50-66800C84C3BE}.Release|Any CPU.ActiveCfg = Release|Any CPU
		{2CD3FB96-1955-4035-BC50-66800C84C3BE}.Release|Any CPU.Build.0 = Release|Any CPU
		{2CD3FB96-1955-4035-BC50-66800C84C3BE}.Release|Mixed Platforms.ActiveCfg = Release|Any CPU
		{2CD3FB96-1955-4035-BC50-66800C84C3BE}.Release|Mixed Platforms.Build.0 = Release|Any CPU
		{2CD3FB96-1955-4035-BC50-66800C84C3BE}.Release|x86.ActiveCfg = Release|Any CPU
		{5D46B4C3-3CBD-4F70-B92B-710CA65CDB70}.Debug|Any CPU.ActiveCfg = Debug|Any CPU
		{5D46B4C3-3CBD-4F70-B92B-710CA65CDB70}.Debug|Any CPU.Build.0 = Debug|Any CPU
		{5D46B4C3-3CBD-4F70-B92B-710CA65CDB70}.Debug|Mixed Platforms.ActiveCfg = Debug|Any CPU
		{5D46B4C3-3CBD-4F70-B92B-710CA65CDB70}.Debug|Mixed Platforms.Build.0 = Debug|Any CPU
		{5D46B4C3-3CBD-4F70-B92B-710CA65CDB70}.Debug|x86.ActiveCfg = Debug|Any CPU
		{5D46B4C3-3CBD-4F70-B92B-710CA65CDB70}.Release|Any CPU.ActiveCfg = Release|Any CPU
		{5D46B4C3-3CBD-4F70-B92B-710CA65CDB70}.Release|Any CPU.Build.0 = Release|Any CPU
		{5D46B4C3-3CBD-4F70-B92B-710CA65CDB70}.Release|Mixed Platforms.ActiveCfg = Release|Any CPU
		{5D46B4C3-3CBD-4F70-B92B-710CA65CDB70}.Release|Mixed Platforms.Build.0 = Release|Any CPU
		{5D46B4C3-3CBD-4F70-B92B-710CA65CDB70}.Release|x86.ActiveCfg = Release|Any CPU
		{C9817849-7A1D-411D-AF88-6663695191E3}.Debug|Any CPU.ActiveCfg = Debug|Any CPU
		{C9817849-7A1D-411D-AF88-6663695191E3}.Debug|Any CPU.Build.0 = Debug|Any CPU
		{C9817849-7A1D-411D-AF88-6663695191E3}.Debug|Mixed Platforms.ActiveCfg = Debug|Any CPU
		{C9817849-7A1D-411D-AF88-6663695191E3}.Debug|Mixed Platforms.Build.0 = Debug|Any CPU
		{C9817849-7A1D-411D-AF88-6663695191E3}.Debug|x86.ActiveCfg = Debug|Any CPU
		{C9817849-7A1D-411D-AF88-6663695191E3}.Release|Any CPU.ActiveCfg = Release|Any CPU
		{C9817849-7A1D-411D-AF88-6663695191E3}.Release|Any CPU.Build.0 = Release|Any CPU
		{C9817849-7A1D-411D-AF88-6663695191E3}.Release|Mixed Platforms.ActiveCfg = Release|Any CPU
		{C9817849-7A1D-411D-AF88-6663695191E3}.Release|Mixed Platforms.Build.0 = Release|Any CPU
		{C9817849-7A1D-411D-AF88-6663695191E3}.Release|x86.ActiveCfg = Release|Any CPU
		{E0835F28-FE42-4A5B-955F-37921583FD15}.Debug|Any CPU.ActiveCfg = Debug|Any CPU
		{E0835F28-FE42-4A5B-955F-37921583FD15}.Debug|Any CPU.Build.0 = Debug|Any CPU
		{E0835F28-FE42-4A5B-955F-37921583FD15}.Debug|Mixed Platforms.ActiveCfg = Debug|Any CPU
		{E0835F28-FE42-4A5B-955F-37921583FD15}.Debug|Mixed Platforms.Build.0 = Debug|Any CPU
		{E0835F28-FE42-4A5B-955F-37921583FD15}.Debug|x86.ActiveCfg = Debug|Any CPU
		{E0835F28-FE42-4A5B-955F-37921583FD15}.Release|Any CPU.ActiveCfg = Release|Any CPU
		{E0835F28-FE42-4A5B-955F-37921583FD15}.Release|Any CPU.Build.0 = Release|Any CPU
		{E0835F28-FE42-4A5B-955F-37921583FD15}.Release|Mixed Platforms.ActiveCfg = Release|Any CPU
		{E0835F28-FE42-4A5B-955F-37921583FD15}.Release|Mixed Platforms.Build.0 = Release|Any CPU
		{E0835F28-FE42-4A5B-955F-37921583FD15}.Release|x86.ActiveCfg = Release|Any CPU
		{89E8332F-E3BB-49D4-97E1-C1194C981C84}.Debug|Any CPU.ActiveCfg = Debug|Any CPU
		{89E8332F-E3BB-49D4-97E1-C1194C981C84}.Debug|Any CPU.Build.0 = Debug|Any CPU
		{89E8332F-E3BB-49D4-97E1-C1194C981C84}.Debug|Mixed Platforms.ActiveCfg = Debug|Any CPU
		{89E8332F-E3BB-49D4-97E1-C1194C981C84}.Debug|Mixed Platforms.Build.0 = Debug|Any CPU
		{89E8332F-E3BB-49D4-97E1-C1194C981C84}.Debug|x86.ActiveCfg = Debug|Any CPU
		{89E8332F-E3BB-49D4-97E1-C1194C981C84}.Release|Any CPU.ActiveCfg = Release|Any CPU
		{89E8332F-E3BB-49D4-97E1-C1194C981C84}.Release|Any CPU.Build.0 = Release|Any CPU
		{89E8332F-E3BB-49D4-97E1-C1194C981C84}.Release|Mixed Platforms.ActiveCfg = Release|Any CPU
		{89E8332F-E3BB-49D4-97E1-C1194C981C84}.Release|Mixed Platforms.Build.0 = Release|Any CPU
		{89E8332F-E3BB-49D4-97E1-C1194C981C84}.Release|x86.ActiveCfg = Release|Any CPU
		{1D53AA8D-0D19-4D76-81A2-61D1B86005EA}.Debug|Any CPU.ActiveCfg = Debug|Any CPU
		{1D53AA8D-0D19-4D76-81A2-61D1B86005EA}.Debug|Any CPU.Build.0 = Debug|Any CPU
		{1D53AA8D-0D19-4D76-81A2-61D1B86005EA}.Debug|Mixed Platforms.ActiveCfg = Debug|Any CPU
		{1D53AA8D-0D19-4D76-81A2-61D1B86005EA}.Debug|Mixed Platforms.Build.0 = Debug|Any CPU
		{1D53AA8D-0D19-4D76-81A2-61D1B86005EA}.Debug|x86.ActiveCfg = Debug|Any CPU
		{1D53AA8D-0D19-4D76-81A2-61D1B86005EA}.Release|Any CPU.ActiveCfg = Release|Any CPU
		{1D53AA8D-0D19-4D76-81A2-61D1B86005EA}.Release|Any CPU.Build.0 = Release|Any CPU
		{1D53AA8D-0D19-4D76-81A2-61D1B86005EA}.Release|Mixed Platforms.ActiveCfg = Release|Any CPU
		{1D53AA8D-0D19-4D76-81A2-61D1B86005EA}.Release|Mixed Platforms.Build.0 = Release|Any CPU
		{1D53AA8D-0D19-4D76-81A2-61D1B86005EA}.Release|x86.ActiveCfg = Release|Any CPU
		{D8DAED18-C2B8-4991-A19B-E2EC5FDF7F14}.Debug|Any CPU.ActiveCfg = Debug|Any CPU
		{D8DAED18-C2B8-4991-A19B-E2EC5FDF7F14}.Debug|Any CPU.Build.0 = Debug|Any CPU
		{D8DAED18-C2B8-4991-A19B-E2EC5FDF7F14}.Debug|Mixed Platforms.ActiveCfg = Debug|Any CPU
		{D8DAED18-C2B8-4991-A19B-E2EC5FDF7F14}.Debug|Mixed Platforms.Build.0 = Debug|Any CPU
		{D8DAED18-C2B8-4991-A19B-E2EC5FDF7F14}.Debug|x86.ActiveCfg = Debug|Any CPU
		{D8DAED18-C2B8-4991-A19B-E2EC5FDF7F14}.Release|Any CPU.ActiveCfg = Release|Any CPU
		{D8DAED18-C2B8-4991-A19B-E2EC5FDF7F14}.Release|Any CPU.Build.0 = Release|Any CPU
		{D8DAED18-C2B8-4991-A19B-E2EC5FDF7F14}.Release|Mixed Platforms.ActiveCfg = Release|Any CPU
		{D8DAED18-C2B8-4991-A19B-E2EC5FDF7F14}.Release|Mixed Platforms.Build.0 = Release|Any CPU
		{D8DAED18-C2B8-4991-A19B-E2EC5FDF7F14}.Release|x86.ActiveCfg = Release|Any CPU
		{1C5C5FA4-095E-441E-93B9-8551E353FD7A}.Debug|Any CPU.ActiveCfg = Debug|Any CPU
		{1C5C5FA4-095E-441E-93B9-8551E353FD7A}.Debug|Any CPU.Build.0 = Debug|Any CPU
		{1C5C5FA4-095E-441E-93B9-8551E353FD7A}.Debug|Mixed Platforms.ActiveCfg = Debug|Any CPU
		{1C5C5FA4-095E-441E-93B9-8551E353FD7A}.Debug|Mixed Platforms.Build.0 = Debug|Any CPU
		{1C5C5FA4-095E-441E-93B9-8551E353FD7A}.Debug|x86.ActiveCfg = Debug|Any CPU
		{1C5C5FA4-095E-441E-93B9-8551E353FD7A}.Release|Any CPU.ActiveCfg = Release|Any CPU
		{1C5C5FA4-095E-441E-93B9-8551E353FD7A}.Release|Any CPU.Build.0 = Release|Any CPU
		{1C5C5FA4-095E-441E-93B9-8551E353FD7A}.Release|Mixed Platforms.ActiveCfg = Release|Any CPU
		{1C5C5FA4-095E-441E-93B9-8551E353FD7A}.Release|Mixed Platforms.Build.0 = Release|Any CPU
		{1C5C5FA4-095E-441E-93B9-8551E353FD7A}.Release|x86.ActiveCfg = Release|Any CPU
		{DA539EFF-18B4-47C5-A9EE-6A0BD04A2C0A}.Debug|Any CPU.ActiveCfg = Debug|Any CPU
		{DA539EFF-18B4-47C5-A9EE-6A0BD04A2C0A}.Debug|Any CPU.Build.0 = Debug|Any CPU
		{DA539EFF-18B4-47C5-A9EE-6A0BD04A2C0A}.Debug|Mixed Platforms.ActiveCfg = Debug|Any CPU
		{DA539EFF-18B4-47C5-A9EE-6A0BD04A2C0A}.Debug|Mixed Platforms.Build.0 = Debug|Any CPU
		{DA539EFF-18B4-47C5-A9EE-6A0BD04A2C0A}.Debug|x86.ActiveCfg = Debug|Any CPU
		{DA539EFF-18B4-47C5-A9EE-6A0BD04A2C0A}.Release|Any CPU.ActiveCfg = Release|Any CPU
		{DA539EFF-18B4-47C5-A9EE-6A0BD04A2C0A}.Release|Any CPU.Build.0 = Release|Any CPU
		{DA539EFF-18B4-47C5-A9EE-6A0BD04A2C0A}.Release|Mixed Platforms.ActiveCfg = Release|Any CPU
		{DA539EFF-18B4-47C5-A9EE-6A0BD04A2C0A}.Release|Mixed Platforms.Build.0 = Release|Any CPU
		{DA539EFF-18B4-47C5-A9EE-6A0BD04A2C0A}.Release|x86.ActiveCfg = Release|Any CPU
		{675B768B-A7A8-4FE5-B477-103A5C61BE88}.Debug|Any CPU.ActiveCfg = Debug|Any CPU
		{675B768B-A7A8-4FE5-B477-103A5C61BE88}.Debug|Any CPU.Build.0 = Debug|Any CPU
		{675B768B-A7A8-4FE5-B477-103A5C61BE88}.Debug|Mixed Platforms.ActiveCfg = Debug|Any CPU
		{675B768B-A7A8-4FE5-B477-103A5C61BE88}.Debug|Mixed Platforms.Build.0 = Debug|Any CPU
		{675B768B-A7A8-4FE5-B477-103A5C61BE88}.Debug|x86.ActiveCfg = Debug|Any CPU
		{675B768B-A7A8-4FE5-B477-103A5C61BE88}.Release|Any CPU.ActiveCfg = Release|Any CPU
		{675B768B-A7A8-4FE5-B477-103A5C61BE88}.Release|Any CPU.Build.0 = Release|Any CPU
		{675B768B-A7A8-4FE5-B477-103A5C61BE88}.Release|Mixed Platforms.ActiveCfg = Release|Any CPU
		{675B768B-A7A8-4FE5-B477-103A5C61BE88}.Release|Mixed Platforms.Build.0 = Release|Any CPU
		{675B768B-A7A8-4FE5-B477-103A5C61BE88}.Release|x86.ActiveCfg = Release|Any CPU
		{D3E0D9DF-BD00-479D-9275-3DB0D09D3018}.Debug|Any CPU.ActiveCfg = Debug|Any CPU
		{D3E0D9DF-BD00-479D-9275-3DB0D09D3018}.Debug|Any CPU.Build.0 = Debug|Any CPU
		{D3E0D9DF-BD00-479D-9275-3DB0D09D3018}.Debug|Mixed Platforms.ActiveCfg = Debug|Any CPU
		{D3E0D9DF-BD00-479D-9275-3DB0D09D3018}.Debug|Mixed Platforms.Build.0 = Debug|Any CPU
		{D3E0D9DF-BD00-479D-9275-3DB0D09D3018}.Debug|x86.ActiveCfg = Debug|Any CPU
		{D3E0D9DF-BD00-479D-9275-3DB0D09D3018}.Release|Any CPU.ActiveCfg = Release|Any CPU
		{D3E0D9DF-BD00-479D-9275-3DB0D09D3018}.Release|Any CPU.Build.0 = Release|Any CPU
		{D3E0D9DF-BD00-479D-9275-3DB0D09D3018}.Release|Mixed Platforms.ActiveCfg = Release|Any CPU
		{D3E0D9DF-BD00-479D-9275-3DB0D09D3018}.Release|Mixed Platforms.Build.0 = Release|Any CPU
		{D3E0D9DF-BD00-479D-9275-3DB0D09D3018}.Release|x86.ActiveCfg = Release|Any CPU
		{0E55A3DE-355C-4C38-B987-D67EC3F886A2}.Debug|Any CPU.ActiveCfg = Debug|Any CPU
		{0E55A3DE-355C-4C38-B987-D67EC3F886A2}.Debug|Any CPU.Build.0 = Debug|Any CPU
		{0E55A3DE-355C-4C38-B987-D67EC3F886A2}.Debug|Mixed Platforms.ActiveCfg = Debug|Any CPU
		{0E55A3DE-355C-4C38-B987-D67EC3F886A2}.Debug|Mixed Platforms.Build.0 = Debug|Any CPU
		{0E55A3DE-355C-4C38-B987-D67EC3F886A2}.Debug|x86.ActiveCfg = Debug|Any CPU
		{0E55A3DE-355C-4C38-B987-D67EC3F886A2}.Release|Any CPU.ActiveCfg = Release|Any CPU
		{0E55A3DE-355C-4C38-B987-D67EC3F886A2}.Release|Any CPU.Build.0 = Release|Any CPU
		{0E55A3DE-355C-4C38-B987-D67EC3F886A2}.Release|Mixed Platforms.ActiveCfg = Release|Any CPU
		{0E55A3DE-355C-4C38-B987-D67EC3F886A2}.Release|Mixed Platforms.Build.0 = Release|Any CPU
		{0E55A3DE-355C-4C38-B987-D67EC3F886A2}.Release|x86.ActiveCfg = Release|Any CPU
		{0C42EDE6-1032-488B-80FC-E27A107D340F}.Debug|Any CPU.ActiveCfg = Debug|Any CPU
		{0C42EDE6-1032-488B-80FC-E27A107D340F}.Debug|Any CPU.Build.0 = Debug|Any CPU
		{0C42EDE6-1032-488B-80FC-E27A107D340F}.Debug|Mixed Platforms.ActiveCfg = Debug|Any CPU
		{0C42EDE6-1032-488B-80FC-E27A107D340F}.Debug|Mixed Platforms.Build.0 = Debug|Any CPU
		{0C42EDE6-1032-488B-80FC-E27A107D340F}.Debug|x86.ActiveCfg = Debug|Any CPU
		{0C42EDE6-1032-488B-80FC-E27A107D340F}.Release|Any CPU.ActiveCfg = Release|Any CPU
		{0C42EDE6-1032-488B-80FC-E27A107D340F}.Release|Any CPU.Build.0 = Release|Any CPU
		{0C42EDE6-1032-488B-80FC-E27A107D340F}.Release|Mixed Platforms.ActiveCfg = Release|Any CPU
		{0C42EDE6-1032-488B-80FC-E27A107D340F}.Release|Mixed Platforms.Build.0 = Release|Any CPU
		{0C42EDE6-1032-488B-80FC-E27A107D340F}.Release|x86.ActiveCfg = Release|Any CPU
		{FA71EC45-61C1-4297-AC49-D66647E3D437}.Debug|Any CPU.ActiveCfg = Debug|Any CPU
		{FA71EC45-61C1-4297-AC49-D66647E3D437}.Debug|Any CPU.Build.0 = Debug|Any CPU
		{FA71EC45-61C1-4297-AC49-D66647E3D437}.Debug|Mixed Platforms.ActiveCfg = Debug|Any CPU
		{FA71EC45-61C1-4297-AC49-D66647E3D437}.Debug|Mixed Platforms.Build.0 = Debug|Any CPU
		{FA71EC45-61C1-4297-AC49-D66647E3D437}.Debug|x86.ActiveCfg = Debug|Any CPU
		{FA71EC45-61C1-4297-AC49-D66647E3D437}.Release|Any CPU.ActiveCfg = Release|Any CPU
		{FA71EC45-61C1-4297-AC49-D66647E3D437}.Release|Any CPU.Build.0 = Release|Any CPU
		{FA71EC45-61C1-4297-AC49-D66647E3D437}.Release|Mixed Platforms.ActiveCfg = Release|Any CPU
		{FA71EC45-61C1-4297-AC49-D66647E3D437}.Release|Mixed Platforms.Build.0 = Release|Any CPU
		{FA71EC45-61C1-4297-AC49-D66647E3D437}.Release|x86.ActiveCfg = Release|Any CPU
		{1D5DE306-D504-464E-8A34-9E73BF6586C1}.Debug|Any CPU.ActiveCfg = Debug|Any CPU
		{1D5DE306-D504-464E-8A34-9E73BF6586C1}.Debug|Any CPU.Build.0 = Debug|Any CPU
		{1D5DE306-D504-464E-8A34-9E73BF6586C1}.Debug|Mixed Platforms.ActiveCfg = Debug|Any CPU
		{1D5DE306-D504-464E-8A34-9E73BF6586C1}.Debug|Mixed Platforms.Build.0 = Debug|Any CPU
		{1D5DE306-D504-464E-8A34-9E73BF6586C1}.Debug|x86.ActiveCfg = Debug|Any CPU
		{1D5DE306-D504-464E-8A34-9E73BF6586C1}.Release|Any CPU.ActiveCfg = Release|Any CPU
		{1D5DE306-D504-464E-8A34-9E73BF6586C1}.Release|Any CPU.Build.0 = Release|Any CPU
		{1D5DE306-D504-464E-8A34-9E73BF6586C1}.Release|Mixed Platforms.ActiveCfg = Release|Any CPU
		{1D5DE306-D504-464E-8A34-9E73BF6586C1}.Release|Mixed Platforms.Build.0 = Release|Any CPU
		{1D5DE306-D504-464E-8A34-9E73BF6586C1}.Release|x86.ActiveCfg = Release|Any CPU
		{2812CCF5-445B-42F6-A2A9-E9C10B9BEED0}.Debug|Any CPU.ActiveCfg = Debug|Any CPU
		{2812CCF5-445B-42F6-A2A9-E9C10B9BEED0}.Debug|Any CPU.Build.0 = Debug|Any CPU
		{2812CCF5-445B-42F6-A2A9-E9C10B9BEED0}.Debug|Mixed Platforms.ActiveCfg = Debug|Any CPU
		{2812CCF5-445B-42F6-A2A9-E9C10B9BEED0}.Debug|Mixed Platforms.Build.0 = Debug|Any CPU
		{2812CCF5-445B-42F6-A2A9-E9C10B9BEED0}.Debug|x86.ActiveCfg = Debug|Any CPU
		{2812CCF5-445B-42F6-A2A9-E9C10B9BEED0}.Release|Any CPU.ActiveCfg = Release|Any CPU
		{2812CCF5-445B-42F6-A2A9-E9C10B9BEED0}.Release|Any CPU.Build.0 = Release|Any CPU
		{2812CCF5-445B-42F6-A2A9-E9C10B9BEED0}.Release|Mixed Platforms.ActiveCfg = Release|Any CPU
		{2812CCF5-445B-42F6-A2A9-E9C10B9BEED0}.Release|Mixed Platforms.Build.0 = Release|Any CPU
		{2812CCF5-445B-42F6-A2A9-E9C10B9BEED0}.Release|x86.ActiveCfg = Release|Any CPU
		{BA10518E-40C0-4C13-9007-11B4C225A295}.Debug|Any CPU.ActiveCfg = Debug|Any CPU
		{BA10518E-40C0-4C13-9007-11B4C225A295}.Debug|Any CPU.Build.0 = Debug|Any CPU
		{BA10518E-40C0-4C13-9007-11B4C225A295}.Debug|Mixed Platforms.ActiveCfg = Debug|Any CPU
		{BA10518E-40C0-4C13-9007-11B4C225A295}.Debug|Mixed Platforms.Build.0 = Debug|Any CPU
		{BA10518E-40C0-4C13-9007-11B4C225A295}.Debug|x86.ActiveCfg = Debug|Any CPU
		{BA10518E-40C0-4C13-9007-11B4C225A295}.Release|Any CPU.ActiveCfg = Release|Any CPU
		{BA10518E-40C0-4C13-9007-11B4C225A295}.Release|Any CPU.Build.0 = Release|Any CPU
		{BA10518E-40C0-4C13-9007-11B4C225A295}.Release|Mixed Platforms.ActiveCfg = Release|Any CPU
		{BA10518E-40C0-4C13-9007-11B4C225A295}.Release|Mixed Platforms.Build.0 = Release|Any CPU
		{BA10518E-40C0-4C13-9007-11B4C225A295}.Release|x86.ActiveCfg = Release|Any CPU
		{B6CBCF4E-F45B-4AA9-A656-04A18DCC83FD}.Debug|Any CPU.ActiveCfg = Debug|Any CPU
		{B6CBCF4E-F45B-4AA9-A656-04A18DCC83FD}.Debug|Any CPU.Build.0 = Debug|Any CPU
		{B6CBCF4E-F45B-4AA9-A656-04A18DCC83FD}.Debug|Mixed Platforms.ActiveCfg = Debug|Any CPU
		{B6CBCF4E-F45B-4AA9-A656-04A18DCC83FD}.Debug|Mixed Platforms.Build.0 = Debug|Any CPU
		{B6CBCF4E-F45B-4AA9-A656-04A18DCC83FD}.Debug|x86.ActiveCfg = Debug|Any CPU
		{B6CBCF4E-F45B-4AA9-A656-04A18DCC83FD}.Release|Any CPU.ActiveCfg = Release|Any CPU
		{B6CBCF4E-F45B-4AA9-A656-04A18DCC83FD}.Release|Any CPU.Build.0 = Release|Any CPU
		{B6CBCF4E-F45B-4AA9-A656-04A18DCC83FD}.Release|Mixed Platforms.ActiveCfg = Release|Any CPU
		{B6CBCF4E-F45B-4AA9-A656-04A18DCC83FD}.Release|Mixed Platforms.Build.0 = Release|Any CPU
		{B6CBCF4E-F45B-4AA9-A656-04A18DCC83FD}.Release|x86.ActiveCfg = Release|Any CPU
		{24CDC47C-7DB6-4BFA-9392-50C1D0777928}.Debug|Any CPU.ActiveCfg = Debug|Any CPU
		{24CDC47C-7DB6-4BFA-9392-50C1D0777928}.Debug|Any CPU.Build.0 = Debug|Any CPU
		{24CDC47C-7DB6-4BFA-9392-50C1D0777928}.Debug|Mixed Platforms.ActiveCfg = Debug|Any CPU
		{24CDC47C-7DB6-4BFA-9392-50C1D0777928}.Debug|Mixed Platforms.Build.0 = Debug|Any CPU
		{24CDC47C-7DB6-4BFA-9392-50C1D0777928}.Debug|x86.ActiveCfg = Debug|Any CPU
		{24CDC47C-7DB6-4BFA-9392-50C1D0777928}.Release|Any CPU.ActiveCfg = Release|Any CPU
		{24CDC47C-7DB6-4BFA-9392-50C1D0777928}.Release|Any CPU.Build.0 = Release|Any CPU
		{24CDC47C-7DB6-4BFA-9392-50C1D0777928}.Release|Mixed Platforms.ActiveCfg = Release|Any CPU
		{24CDC47C-7DB6-4BFA-9392-50C1D0777928}.Release|Mixed Platforms.Build.0 = Release|Any CPU
		{24CDC47C-7DB6-4BFA-9392-50C1D0777928}.Release|x86.ActiveCfg = Release|Any CPU
	EndGlobalSection
	GlobalSection(SolutionProperties) = preSolution
		HideSolutionNode = FALSE
	EndGlobalSection
	GlobalSection(NestedProjects) = preSolution
		{E0835F28-FE42-4A5B-955F-37921583FD15} = {7DC4CCA2-B431-4357-99A7-071DAD65A716}
		{89E8332F-E3BB-49D4-97E1-C1194C981C84} = {7DC4CCA2-B431-4357-99A7-071DAD65A716}
		{119FCACD-C111-495C-BCA9-FC332EE88D74} = {D66B2D3C-1268-4926-850C-CD23B2D42EF0}
		{2CD3FB96-1955-4035-BC50-66800C84C3BE} = {D66B2D3C-1268-4926-850C-CD23B2D42EF0}
		{5D46B4C3-3CBD-4F70-B92B-710CA65CDB70} = {D66B2D3C-1268-4926-850C-CD23B2D42EF0}
		{C9817849-7A1D-411D-AF88-6663695191E3} = {D66B2D3C-1268-4926-850C-CD23B2D42EF0}
		{1D53AA8D-0D19-4D76-81A2-61D1B86005EA} = {D66B2D3C-1268-4926-850C-CD23B2D42EF0}
		{D8DAED18-C2B8-4991-A19B-E2EC5FDF7F14} = {D66B2D3C-1268-4926-850C-CD23B2D42EF0}
		{1C5C5FA4-095E-441E-93B9-8551E353FD7A} = {7960278D-B97F-49FB-83FE-5A3DC353FBD5}
		{DA539EFF-18B4-47C5-A9EE-6A0BD04A2C0A} = {7960278D-B97F-49FB-83FE-5A3DC353FBD5}
		{675B768B-A7A8-4FE5-B477-103A5C61BE88} = {7960278D-B97F-49FB-83FE-5A3DC353FBD5}
		{D3E0D9DF-BD00-479D-9275-3DB0D09D3018} = {7960278D-B97F-49FB-83FE-5A3DC353FBD5}
		{0E55A3DE-355C-4C38-B987-D67EC3F886A2} = {3845F67C-4622-41D5-97A9-374A337A9ACF}
		{0C42EDE6-1032-488B-80FC-E27A107D340F} = {3845F67C-4622-41D5-97A9-374A337A9ACF}
		{FA71EC45-61C1-4297-AC49-D66647E3D437} = {3845F67C-4622-41D5-97A9-374A337A9ACF}
		{1D5DE306-D504-464E-8A34-9E73BF6586C1} = {3845F67C-4622-41D5-97A9-374A337A9ACF}
		{2812CCF5-445B-42F6-A2A9-E9C10B9BEED0} = {F689AD52-7184-4138-B81E-4CA73CAF3037}
		{BA10518E-40C0-4C13-9007-11B4C225A295} = {F689AD52-7184-4138-B81E-4CA73CAF3037}
		{B6CBCF4E-F45B-4AA9-A656-04A18DCC83FD} = {F689AD52-7184-4138-B81E-4CA73CAF3037}
		{24CDC47C-7DB6-4BFA-9392-50C1D0777928} = {F689AD52-7184-4138-B81E-4CA73CAF3037}
	EndGlobalSection
EndGlobal
